// !$*UTF8*$!
{
	archiveVersion = 1;
	classes = {
	};
	objectVersion = 46;
	objects = {

/* Begin PBXBuildFile section */
		8F7F8537AE186B226F32B20B /* Pods_DungeonsAndCards.framework in Frameworks */ = {isa = PBXBuildFile; fileRef = B645E0373DF549D60E8E5673 /* Pods_DungeonsAndCards.framework */; };
		D14E4E181DDF493A002A0ED0 /* AppDelegate.swift in Sources */ = {isa = PBXBuildFile; fileRef = D14E4E171DDF493A002A0ED0 /* AppDelegate.swift */; };
		D14E4E1A1DDF493A002A0ED0 /* ViewController.swift in Sources */ = {isa = PBXBuildFile; fileRef = D14E4E191DDF493A002A0ED0 /* ViewController.swift */; };
		D14E4E1D1DDF493A002A0ED0 /* Main.storyboard in Resources */ = {isa = PBXBuildFile; fileRef = D14E4E1B1DDF493A002A0ED0 /* Main.storyboard */; };
		D14E4E1F1DDF493A002A0ED0 /* Assets.xcassets in Resources */ = {isa = PBXBuildFile; fileRef = D14E4E1E1DDF493A002A0ED0 /* Assets.xcassets */; };
		D14E4E221DDF493A002A0ED0 /* LaunchScreen.storyboard in Resources */ = {isa = PBXBuildFile; fileRef = D14E4E201DDF493A002A0ED0 /* LaunchScreen.storyboard */; };
		D1D014E31DE5C4CC00E52C03 /* Game.swift in Sources */ = {isa = PBXBuildFile; fileRef = D1D014E21DE5C4CC00E52C03 /* Game.swift */; };
		D1D014E51DE5C4FB00E52C03 /* Party.swift in Sources */ = {isa = PBXBuildFile; fileRef = D1D014E41DE5C4FB00E52C03 /* Party.swift */; };
		D1D014E71DE5C52000E52C03 /* Hero.swift in Sources */ = {isa = PBXBuildFile; fileRef = D1D014E61DE5C52000E52C03 /* Hero.swift */; };
/* End PBXBuildFile section */

/* Begin PBXFileReference section */
		09F77FB39E27C870F7DBE751 /* Pods-DungeonsAndCards.release.xcconfig */ = {isa = PBXFileReference; includeInIndex = 1; lastKnownFileType = text.xcconfig; name = "Pods-DungeonsAndCards.release.xcconfig"; path = "Pods/Target Support Files/Pods-DungeonsAndCards/Pods-DungeonsAndCards.release.xcconfig"; sourceTree = "<group>"; };
		4DD7E1832371A03C67530109 /* Pods-DungeonsAndCards.debug.xcconfig */ = {isa = PBXFileReference; includeInIndex = 1; lastKnownFileType = text.xcconfig; name = "Pods-DungeonsAndCards.debug.xcconfig"; path = "Pods/Target Support Files/Pods-DungeonsAndCards/Pods-DungeonsAndCards.debug.xcconfig"; sourceTree = "<group>"; };
		B645E0373DF549D60E8E5673 /* Pods_DungeonsAndCards.framework */ = {isa = PBXFileReference; explicitFileType = wrapper.framework; includeInIndex = 0; path = Pods_DungeonsAndCards.framework; sourceTree = BUILT_PRODUCTS_DIR; };
		D14E4E141DDF493A002A0ED0 /* DungeonsAndCards.app */ = {isa = PBXFileReference; explicitFileType = wrapper.application; includeInIndex = 0; path = DungeonsAndCards.app; sourceTree = BUILT_PRODUCTS_DIR; };
		D14E4E171DDF493A002A0ED0 /* AppDelegate.swift */ = {isa = PBXFileReference; lastKnownFileType = sourcecode.swift; path = AppDelegate.swift; sourceTree = "<group>"; };
		D14E4E191DDF493A002A0ED0 /* ViewController.swift */ = {isa = PBXFileReference; lastKnownFileType = sourcecode.swift; path = ViewController.swift; sourceTree = "<group>"; };
		D14E4E1C1DDF493A002A0ED0 /* Base */ = {isa = PBXFileReference; lastKnownFileType = file.storyboard; name = Base; path = Base.lproj/Main.storyboard; sourceTree = "<group>"; };
		D14E4E1E1DDF493A002A0ED0 /* Assets.xcassets */ = {isa = PBXFileReference; lastKnownFileType = folder.assetcatalog; path = Assets.xcassets; sourceTree = "<group>"; };
		D14E4E211DDF493A002A0ED0 /* Base */ = {isa = PBXFileReference; lastKnownFileType = file.storyboard; name = Base; path = Base.lproj/LaunchScreen.storyboard; sourceTree = "<group>"; };
		D14E4E231DDF493A002A0ED0 /* Info.plist */ = {isa = PBXFileReference; lastKnownFileType = text.plist.xml; path = Info.plist; sourceTree = "<group>"; };
		D1D014E21DE5C4CC00E52C03 /* Game.swift */ = {isa = PBXFileReference; fileEncoding = 4; lastKnownFileType = sourcecode.swift; path = Game.swift; sourceTree = "<group>"; };
		D1D014E41DE5C4FB00E52C03 /* Party.swift */ = {isa = PBXFileReference; fileEncoding = 4; lastKnownFileType = sourcecode.swift; path = Party.swift; sourceTree = "<group>"; };
		D1D014E61DE5C52000E52C03 /* Hero.swift */ = {isa = PBXFileReference; fileEncoding = 4; lastKnownFileType = sourcecode.swift; path = Hero.swift; sourceTree = "<group>"; };
/* End PBXFileReference section */

/* Begin PBXFrameworksBuildPhase section */
		D14E4E111DDF493A002A0ED0 /* Frameworks */ = {
			isa = PBXFrameworksBuildPhase;
			buildActionMask = 2147483647;
			files = (
				8F7F8537AE186B226F32B20B /* Pods_DungeonsAndCards.framework in Frameworks */,
			);
			runOnlyForDeploymentPostprocessing = 0;
		};
/* End PBXFrameworksBuildPhase section */

/* Begin PBXGroup section */
		28662B0E9030E8BC112ECADE /* Frameworks */ = {
			isa = PBXGroup;
			children = (
				B645E0373DF549D60E8E5673 /* Pods_DungeonsAndCards.framework */,
			);
			name = Frameworks;
			sourceTree = "<group>";
		};
		502433B368CDF98578ED3261 /* Pods */ = {
			isa = PBXGroup;
			children = (
				4DD7E1832371A03C67530109 /* Pods-DungeonsAndCards.debug.xcconfig */,
				09F77FB39E27C870F7DBE751 /* Pods-DungeonsAndCards.release.xcconfig */,
			);
			name = Pods;
			sourceTree = "<group>";
		};
		D14E4E0B1DDF493A002A0ED0 = {
			isa = PBXGroup;
			children = (
				D14E4E161DDF493A002A0ED0 /* DungeonsAndCards */,
				D14E4E151DDF493A002A0ED0 /* Products */,
				502433B368CDF98578ED3261 /* Pods */,
				28662B0E9030E8BC112ECADE /* Frameworks */,
			);
			sourceTree = "<group>";
		};
		D14E4E151DDF493A002A0ED0 /* Products */ = {
			isa = PBXGroup;
			children = (
				D14E4E141DDF493A002A0ED0 /* DungeonsAndCards.app */,
			);
			name = Products;
			sourceTree = "<group>";
		};
		D14E4E161DDF493A002A0ED0 /* DungeonsAndCards */ = {
			isa = PBXGroup;
			children = (
				D1D014E11DE5C4BE00E52C03 /* Model */,
				D14E4E171DDF493A002A0ED0 /* AppDelegate.swift */,
				D14E4E191DDF493A002A0ED0 /* ViewController.swift */,
				D14E4E1B1DDF493A002A0ED0 /* Main.storyboard */,
				D14E4E1E1DDF493A002A0ED0 /* Assets.xcassets */,
				D14E4E201DDF493A002A0ED0 /* LaunchScreen.storyboard */,
				D14E4E231DDF493A002A0ED0 /* Info.plist */,
			);
			path = DungeonsAndCards;
			sourceTree = "<group>";
		};
		D1D014E11DE5C4BE00E52C03 /* Model */ = {
			isa = PBXGroup;
			children = (
				D1EF4C651DE5E08000C95AB8 /* Data */,
				D1D014E21DE5C4CC00E52C03 /* Game.swift */,
				D1D014E41DE5C4FB00E52C03 /* Party.swift */,
				D1D014E61DE5C52000E52C03 /* Hero.swift */,
			);
			name = Model;
			sourceTree = "<group>";
		};
		D1EF4C651DE5E08000C95AB8 /* Data */ = {
			isa = PBXGroup;
			children = (
			);
			name = Data;
			sourceTree = "<group>";
		};
/* End PBXGroup section */

/* Begin PBXNativeTarget section */
		D14E4E131DDF493A002A0ED0 /* DungeonsAndCards */ = {
			isa = PBXNativeTarget;
			buildConfigurationList = D14E4E261DDF493A002A0ED0 /* Build configuration list for PBXNativeTarget "DungeonsAndCards" */;
			buildPhases = (
				69971ECA124B85730E21D616 /* [CP] Check Pods Manifest.lock */,
				D14E4E101DDF493A002A0ED0 /* Sources */,
				D14E4E111DDF493A002A0ED0 /* Frameworks */,
				D14E4E121DDF493A002A0ED0 /* Resources */,
				B5EC3D1E56EB5EA3403462E1 /* [CP] Embed Pods Frameworks */,
				53D038E110883A0C4E5BC9CE /* [CP] Copy Pods Resources */,
			);
			buildRules = (
			);
			dependencies = (
			);
			name = DungeonsAndCards;
			productName = DungeonsAndCards;
			productReference = D14E4E141DDF493A002A0ED0 /* DungeonsAndCards.app */;
			productType = "com.apple.product-type.application";
		};
/* End PBXNativeTarget section */

/* Begin PBXProject section */
		D14E4E0C1DDF493A002A0ED0 /* Project object */ = {
			isa = PBXProject;
			attributes = {
				LastSwiftUpdateCheck = 0810;
				LastUpgradeCheck = 0810;
				ORGANIZATIONNAME = hananim;
				TargetAttributes = {
					D14E4E131DDF493A002A0ED0 = {
						CreatedOnToolsVersion = 8.1;
						DevelopmentTeam = FWD9V5VYJ2;
						ProvisioningStyle = Automatic;
					};
				};
			};
			buildConfigurationList = D14E4E0F1DDF493A002A0ED0 /* Build configuration list for PBXProject "DungeonsAndCards" */;
			compatibilityVersion = "Xcode 3.2";
			developmentRegion = English;
			hasScannedForEncodings = 0;
			knownRegions = (
				en,
				Base,
			);
			mainGroup = D14E4E0B1DDF493A002A0ED0;
			productRefGroup = D14E4E151DDF493A002A0ED0 /* Products */;
			projectDirPath = "";
			projectRoot = "";
			targets = (
				D14E4E131DDF493A002A0ED0 /* DungeonsAndCards */,
			);
		};
/* End PBXProject section */

/* Begin PBXResourcesBuildPhase section */
		D14E4E121DDF493A002A0ED0 /* Resources */ = {
			isa = PBXResourcesBuildPhase;
			buildActionMask = 2147483647;
			files = (
				D14E4E221DDF493A002A0ED0 /* LaunchScreen.storyboard in Resources */,
				D14E4E1F1DDF493A002A0ED0 /* Assets.xcassets in Resources */,
				D14E4E1D1DDF493A002A0ED0 /* Main.storyboard in Resources */,
			);
			runOnlyForDeploymentPostprocessing = 0;
		};
/* End PBXResourcesBuildPhase section */

/* Begin PBXShellScriptBuildPhase section */
		53D038E110883A0C4E5BC9CE /* [CP] Copy Pods Resources */ = {
			isa = PBXShellScriptBuildPhase;
			buildActionMask = 2147483647;
			files = (
			);
			inputPaths = (
			);
			name = "[CP] Copy Pods Resources";
			outputPaths = (
			);
			runOnlyForDeploymentPostprocessing = 0;
			shellPath = /bin/sh;
			shellScript = "\"${SRCROOT}/Pods/Target Support Files/Pods-DungeonsAndCards/Pods-DungeonsAndCards-resources.sh\"\n";
			showEnvVarsInLog = 0;
		};
		69971ECA124B85730E21D616 /* [CP] Check Pods Manifest.lock */ = {
			isa = PBXShellScriptBuildPhase;
			buildActionMask = 2147483647;
			files = (
			);
			inputPaths = (
			);
			name = "[CP] Check Pods Manifest.lock";
			outputPaths = (
			);
			runOnlyForDeploymentPostprocessing = 0;
			shellPath = /bin/sh;
			shellScript = "diff \"${PODS_ROOT}/../Podfile.lock\" \"${PODS_ROOT}/Manifest.lock\" > /dev/null\nif [[ $? != 0 ]] ; then\n    cat << EOM\nerror: The sandbox is not in sync with the Podfile.lock. Run 'pod install' or update your CocoaPods installation.\nEOM\n    exit 1\nfi\n";
			showEnvVarsInLog = 0;
		};
		B5EC3D1E56EB5EA3403462E1 /* [CP] Embed Pods Frameworks */ = {
			isa = PBXShellScriptBuildPhase;
			buildActionMask = 2147483647;
			files = (
			);
			inputPaths = (
			);
			name = "[CP] Embed Pods Frameworks";
			outputPaths = (
			);
			runOnlyForDeploymentPostprocessing = 0;
			shellPath = /bin/sh;
			shellScript = "\"${SRCROOT}/Pods/Target Support Files/Pods-DungeonsAndCards/Pods-DungeonsAndCards-frameworks.sh\"\n";
			showEnvVarsInLog = 0;
		};
/* End PBXShellScriptBuildPhase section */

/* Begin PBXSourcesBuildPhase section */
		D14E4E101DDF493A002A0ED0 /* Sources */ = {
			isa = PBXSourcesBuildPhase;
			buildActionMask = 2147483647;
			files = (
				D1D014E71DE5C52000E52C03 /* Hero.swift in Sources */,
				D14E4E1A1DDF493A002A0ED0 /* ViewController.swift in Sources */,
				D1D014E31DE5C4CC00E52C03 /* Game.swift in Sources */,
				D1D014E51DE5C4FB00E52C03 /* Party.swift in Sources */,
				D14E4E181DDF493A002A0ED0 /* AppDelegate.swift in Sources */,
			);
			runOnlyForDeploymentPostprocessing = 0;
		};
/* End PBXSourcesBuildPhase section */

/* Begin PBXVariantGroup section */
		D14E4E1B1DDF493A002A0ED0 /* Main.storyboard */ = {
			isa = PBXVariantGroup;
			children = (
				D14E4E1C1DDF493A002A0ED0 /* Base */,
			);
			name = Main.storyboard;
			sourceTree = "<group>";
		};
		D14E4E201DDF493A002A0ED0 /* LaunchScreen.storyboard */ = {
			isa = PBXVariantGroup;
			children = (
				D14E4E211DDF493A002A0ED0 /* Base */,
			);
			name = LaunchScreen.storyboard;
			sourceTree = "<group>";
		};
/* End PBXVariantGroup section */

/* Begin XCBuildConfiguration section */
		D14E4E241DDF493A002A0ED0 /* Debug */ = {
			isa = XCBuildConfiguration;
			buildSettings = {
				ALWAYS_SEARCH_USER_PATHS = NO;
				CLANG_ANALYZER_NONNULL = YES;
				CLANG_CXX_LANGUAGE_STANDARD = "gnu++0x";
				CLANG_CXX_LIBRARY = "libc++";
				CLANG_ENABLE_MODULES = YES;
				CLANG_ENABLE_OBJC_ARC = YES;
				CLANG_WARN_BOOL_CONVERSION = YES;
				CLANG_WARN_CONSTANT_CONVERSION = YES;
				CLANG_WARN_DIRECT_OBJC_ISA_USAGE = YES_ERROR;
				CLANG_WARN_DOCUMENTATION_COMMENTS = YES;
				CLANG_WARN_EMPTY_BODY = YES;
				CLANG_WARN_ENUM_CONVERSION = YES;
				CLANG_WARN_INFINITE_RECURSION = YES;
				CLANG_WARN_INT_CONVERSION = YES;
				CLANG_WARN_OBJC_ROOT_CLASS = YES_ERROR;
				CLANG_WARN_SUSPICIOUS_MOVES = YES;
				CLANG_WARN_UNREACHABLE_CODE = YES;
				CLANG_WARN__DUPLICATE_METHOD_MATCH = YES;
				"CODE_SIGN_IDENTITY[sdk=iphoneos*]" = "iPhone Developer";
				COPY_PHASE_STRIP = NO;
				DEBUG_INFORMATION_FORMAT = dwarf;
				ENABLE_STRICT_OBJC_MSGSEND = YES;
				ENABLE_TESTABILITY = YES;
				GCC_C_LANGUAGE_STANDARD = gnu99;
				GCC_DYNAMIC_NO_PIC = NO;
				GCC_NO_COMMON_BLOCKS = YES;
				GCC_OPTIMIZATION_LEVEL = 0;
				GCC_PREPROCESSOR_DEFINITIONS = (
					"DEBUG=1",
					"$(inherited)",
				);
				GCC_WARN_64_TO_32_BIT_CONVERSION = YES;
				GCC_WARN_ABOUT_RETURN_TYPE = YES_ERROR;
				GCC_WARN_UNDECLARED_SELECTOR = YES;
				GCC_WARN_UNINITIALIZED_AUTOS = YES_AGGRESSIVE;
				GCC_WARN_UNUSED_FUNCTION = YES;
				GCC_WARN_UNUSED_VARIABLE = YES;
				IPHONEOS_DEPLOYMENT_TARGET = 10.1;
				MTL_ENABLE_DEBUG_INFO = YES;
				ONLY_ACTIVE_ARCH = YES;
				SDKROOT = iphoneos;
				SWIFT_ACTIVE_COMPILATION_CONDITIONS = DEBUG;
				SWIFT_OPTIMIZATION_LEVEL = "-Onone";
				TARGETED_DEVICE_FAMILY = "1,2";
			};
			name = Debug;
		};
		D14E4E251DDF493A002A0ED0 /* Release */ = {
			isa = XCBuildConfiguration;
			buildSettings = {
				ALWAYS_SEARCH_USER_PATHS = NO;
				CLANG_ANALYZER_NONNULL = YES;
				CLANG_CXX_LANGUAGE_STANDARD = "gnu++0x";
				CLANG_CXX_LIBRARY = "libc++";
				CLANG_ENABLE_MODULES = YES;
				CLANG_ENABLE_OBJC_ARC = YES;
				CLANG_WARN_BOOL_CONVERSION = YES;
				CLANG_WARN_CONSTANT_CONVERSION = YES;
				CLANG_WARN_DIRECT_OBJC_ISA_USAGE = YES_ERROR;
				CLANG_WARN_DOCUMENTATION_COMMENTS = YES;
				CLANG_WARN_EMPTY_BODY = YES;
				CLANG_WARN_ENUM_CONVERSION = YES;
				CLANG_WARN_INFINITE_RECURSION = YES;
				CLANG_WARN_INT_CONVERSION = YES;
				CLANG_WARN_OBJC_ROOT_CLASS = YES_ERROR;
				CLANG_WARN_SUSPICIOUS_MOVES = YES;
				CLANG_WARN_UNREACHABLE_CODE = YES;
				CLANG_WARN__DUPLICATE_METHOD_MATCH = YES;
				"CODE_SIGN_IDENTITY[sdk=iphoneos*]" = "iPhone Developer";
				COPY_PHASE_STRIP = NO;
				DEBUG_INFORMATION_FORMAT = "dwarf-with-dsym";
				ENABLE_NS_ASSERTIONS = NO;
				ENABLE_STRICT_OBJC_MSGSEND = YES;
				GCC_C_LANGUAGE_STANDARD = gnu99;
				GCC_NO_COMMON_BLOCKS = YES;
				GCC_WARN_64_TO_32_BIT_CONVERSION = YES;
				GCC_WARN_ABOUT_RETURN_TYPE = YES_ERROR;
				GCC_WARN_UNDECLARED_SELECTOR = YES;
				GCC_WARN_UNINITIALIZED_AUTOS = YES_AGGRESSIVE;
				GCC_WARN_UNUSED_FUNCTION = YES;
				GCC_WARN_UNUSED_VARIABLE = YES;
				IPHONEOS_DEPLOYMENT_TARGET = 10.1;
				MTL_ENABLE_DEBUG_INFO = NO;
				SDKROOT = iphoneos;
				SWIFT_OPTIMIZATION_LEVEL = "-Owholemodule";
				TARGETED_DEVICE_FAMILY = "1,2";
				VALIDATE_PRODUCT = YES;
			};
			name = Release;
		};
		D14E4E271DDF493A002A0ED0 /* Debug */ = {
			isa = XCBuildConfiguration;
			baseConfigurationReference = 4DD7E1832371A03C67530109 /* Pods-DungeonsAndCards.debug.xcconfig */;
			buildSettings = {
				ASSETCATALOG_COMPILER_APPICON_NAME = AppIcon;
				DEVELOPMENT_TEAM = FWD9V5VYJ2;
				INFOPLIST_FILE = DungeonsAndCards/Info.plist;
				LD_RUNPATH_SEARCH_PATHS = "$(inherited) @executable_path/Frameworks";
				PRODUCT_BUNDLE_IDENTIFIER = com.hananim.DungeonsAndCards;
				PRODUCT_NAME = "$(TARGET_NAME)";
				SWIFT_VERSION = 3.0;
			};
			name = Debug;
		};
		D14E4E281DDF493A002A0ED0 /* Release */ = {
			isa = XCBuildConfiguration;
			baseConfigurationReference = 09F77FB39E27C870F7DBE751 /* Pods-DungeonsAndCards.release.xcconfig */;
			buildSettings = {
				ASSETCATALOG_COMPILER_APPICON_NAME = AppIcon;
				DEVELOPMENT_TEAM = FWD9V5VYJ2;
				INFOPLIST_FILE = DungeonsAndCards/Info.plist;
				LD_RUNPATH_SEARCH_PATHS = "$(inherited) @executable_path/Frameworks";
				PRODUCT_BUNDLE_IDENTIFIER = com.hananim.DungeonsAndCards;
				PRODUCT_NAME = "$(TARGET_NAME)";
				SWIFT_VERSION = 3.0;
			};
			name = Release;
		};
/* End XCBuildConfiguration section */

/* Begin XCConfigurationList section */
		D14E4E0F1DDF493A002A0ED0 /* Build configuration list for PBXProject "DungeonsAndCards" */ = {
			isa = XCConfigurationList;
			buildConfigurations = (
				D14E4E241DDF493A002A0ED0 /* Debug */,
				D14E4E251DDF493A002A0ED0 /* Release */,
			);
			defaultConfigurationIsVisible = 0;
			defaultConfigurationName = Release;
		};
		D14E4E261DDF493A002A0ED0 /* Build configuration list for PBXNativeTarget "DungeonsAndCards" */ = {
			isa = XCConfigurationList;
			buildConfigurations = (
				D14E4E271DDF493A002A0ED0 /* Debug */,
				D14E4E281DDF493A002A0ED0 /* Release */,
			);
			defaultConfigurationIsVisible = 0;
			defaultConfigurationName = Release;
		};
/* End XCConfigurationList section */
	};
	rootObject = D14E4E0C1DDF493A002A0ED0 /* Project object */;
}
