// !$*UTF8*$!
{
	archiveVersion = 1;
	classes = {
	};
	objectVersion = 46;
	objects = {

/* Begin PBXBuildFile section */
		8F7F8537AE186B226F32B20B /* Pods_DungeonsAndCards.framework in Frameworks */ = {isa = PBXBuildFile; fileRef = B645E0373DF549D60E8E5673 /* Pods_DungeonsAndCards.framework */; };
		C68475201DE714290081DA95 /* Interface.storyboard in Resources */ = {isa = PBXBuildFile; fileRef = C684751E1DE714290081DA95 /* Interface.storyboard */; };
		C68475221DE714290081DA95 /* Assets.xcassets in Resources */ = {isa = PBXBuildFile; fileRef = C68475211DE714290081DA95 /* Assets.xcassets */; };
		C68475291DE714290081DA95 /* DungeonsAndCardsWatch Extension.appex in Embed App Extensions */ = {isa = PBXBuildFile; fileRef = C68475281DE714290081DA95 /* DungeonsAndCardsWatch Extension.appex */; settings = {ATTRIBUTES = (RemoveHeadersOnCopy, ); }; };
		C68475301DE714290081DA95 /* InterfaceController.swift in Sources */ = {isa = PBXBuildFile; fileRef = C684752F1DE714290081DA95 /* InterfaceController.swift */; };
		C68475321DE714290081DA95 /* ExtensionDelegate.swift in Sources */ = {isa = PBXBuildFile; fileRef = C68475311DE714290081DA95 /* ExtensionDelegate.swift */; };
		C68475341DE714290081DA95 /* NotificationController.swift in Sources */ = {isa = PBXBuildFile; fileRef = C68475331DE714290081DA95 /* NotificationController.swift */; };
		C68475361DE714290081DA95 /* ComplicationController.swift in Sources */ = {isa = PBXBuildFile; fileRef = C68475351DE714290081DA95 /* ComplicationController.swift */; };
		C68475381DE714290081DA95 /* Assets.xcassets in Resources */ = {isa = PBXBuildFile; fileRef = C68475371DE714290081DA95 /* Assets.xcassets */; };
		C684753C1DE714290081DA95 /* DungeonsAndCardsWatch.app in Embed Watch Content */ = {isa = PBXBuildFile; fileRef = C684751C1DE714290081DA95 /* DungeonsAndCardsWatch.app */; };
		C684754C1DE715BA0081DA95 /* DungeonsAndCardsTests.swift in Sources */ = {isa = PBXBuildFile; fileRef = C684754B1DE715BA0081DA95 /* DungeonsAndCardsTests.swift */; };
		C684755A1DE716110081DA95 /* DungeonsAndCardsUITests.swift in Sources */ = {isa = PBXBuildFile; fileRef = C68475591DE716110081DA95 /* DungeonsAndCardsUITests.swift */; };
		C68475651DE71B2D0081DA95 /* MainMenuViewController.swift in Sources */ = {isa = PBXBuildFile; fileRef = C68475641DE71B2D0081DA95 /* MainMenuViewController.swift */; };
		C68475671DE71C450081DA95 /* IntroViewController.swift in Sources */ = {isa = PBXBuildFile; fileRef = C68475661DE71C450081DA95 /* IntroViewController.swift */; };
		C684756F1DE7301F0081DA95 /* CustomSegue.swift in Sources */ = {isa = PBXBuildFile; fileRef = C684756E1DE7301F0081DA95 /* CustomSegue.swift */; };
		D14E4E181DDF493A002A0ED0 /* AppDelegate.swift in Sources */ = {isa = PBXBuildFile; fileRef = D14E4E171DDF493A002A0ED0 /* AppDelegate.swift */; };
		D14E4E1D1DDF493A002A0ED0 /* Main.storyboard in Resources */ = {isa = PBXBuildFile; fileRef = D14E4E1B1DDF493A002A0ED0 /* Main.storyboard */; };
		D14E4E1F1DDF493A002A0ED0 /* Assets.xcassets in Resources */ = {isa = PBXBuildFile; fileRef = D14E4E1E1DDF493A002A0ED0 /* Assets.xcassets */; };
		D14E4E221DDF493A002A0ED0 /* LaunchScreen.storyboard in Resources */ = {isa = PBXBuildFile; fileRef = D14E4E201DDF493A002A0ED0 /* LaunchScreen.storyboard */; };
		D1D014E31DE5C4CC00E52C03 /* Game.swift in Sources */ = {isa = PBXBuildFile; fileRef = D1D014E21DE5C4CC00E52C03 /* Game.swift */; };
		D1D014E51DE5C4FB00E52C03 /* Party.swift in Sources */ = {isa = PBXBuildFile; fileRef = D1D014E41DE5C4FB00E52C03 /* Party.swift */; };
		D1D014E71DE5C52000E52C03 /* Hero.swift in Sources */ = {isa = PBXBuildFile; fileRef = D1D014E61DE5C52000E52C03 /* Hero.swift */; };
/* End PBXBuildFile section */

/* Begin PBXContainerItemProxy section */
		C684752A1DE714290081DA95 /* PBXContainerItemProxy */ = {
			isa = PBXContainerItemProxy;
			containerPortal = D14E4E0C1DDF493A002A0ED0 /* Project object */;
			proxyType = 1;
			remoteGlobalIDString = C68475271DE714290081DA95;
			remoteInfo = "DungeonsAndCardsWatch Extension";
		};
		C684753A1DE714290081DA95 /* PBXContainerItemProxy */ = {
			isa = PBXContainerItemProxy;
			containerPortal = D14E4E0C1DDF493A002A0ED0 /* Project object */;
			proxyType = 1;
			remoteGlobalIDString = C684751B1DE714290081DA95;
			remoteInfo = DungeonsAndCardsWatch;
		};
		C684754E1DE715BA0081DA95 /* PBXContainerItemProxy */ = {
			isa = PBXContainerItemProxy;
			containerPortal = D14E4E0C1DDF493A002A0ED0 /* Project object */;
			proxyType = 1;
			remoteGlobalIDString = D14E4E131DDF493A002A0ED0;
			remoteInfo = DungeonsAndCards;
		};
		C684755C1DE716110081DA95 /* PBXContainerItemProxy */ = {
			isa = PBXContainerItemProxy;
			containerPortal = D14E4E0C1DDF493A002A0ED0 /* Project object */;
			proxyType = 1;
			remoteGlobalIDString = D14E4E131DDF493A002A0ED0;
			remoteInfo = DungeonsAndCards;
		};
/* End PBXContainerItemProxy section */

/* Begin PBXCopyFilesBuildPhase section */
		C68475421DE714290081DA95 /* Embed App Extensions */ = {
			isa = PBXCopyFilesBuildPhase;
			buildActionMask = 2147483647;
			dstPath = "";
			dstSubfolderSpec = 13;
			files = (
				C68475291DE714290081DA95 /* DungeonsAndCardsWatch Extension.appex in Embed App Extensions */,
			);
			name = "Embed App Extensions";
			runOnlyForDeploymentPostprocessing = 0;
		};
		C68475441DE714290081DA95 /* Embed Watch Content */ = {
			isa = PBXCopyFilesBuildPhase;
			buildActionMask = 2147483647;
			dstPath = "$(CONTENTS_FOLDER_PATH)/Watch";
			dstSubfolderSpec = 16;
			files = (
				C684753C1DE714290081DA95 /* DungeonsAndCardsWatch.app in Embed Watch Content */,
			);
			name = "Embed Watch Content";
			runOnlyForDeploymentPostprocessing = 0;
		};
/* End PBXCopyFilesBuildPhase section */

/* Begin PBXFileReference section */
		09F77FB39E27C870F7DBE751 /* Pods-DungeonsAndCards.release.xcconfig */ = {isa = PBXFileReference; includeInIndex = 1; lastKnownFileType = text.xcconfig; name = "Pods-DungeonsAndCards.release.xcconfig"; path = "Pods/Target Support Files/Pods-DungeonsAndCards/Pods-DungeonsAndCards.release.xcconfig"; sourceTree = "<group>"; };
		4DD7E1832371A03C67530109 /* Pods-DungeonsAndCards.debug.xcconfig */ = {isa = PBXFileReference; includeInIndex = 1; lastKnownFileType = text.xcconfig; name = "Pods-DungeonsAndCards.debug.xcconfig"; path = "Pods/Target Support Files/Pods-DungeonsAndCards/Pods-DungeonsAndCards.debug.xcconfig"; sourceTree = "<group>"; };
		B645E0373DF549D60E8E5673 /* Pods_DungeonsAndCards.framework */ = {isa = PBXFileReference; explicitFileType = wrapper.framework; includeInIndex = 0; path = Pods_DungeonsAndCards.framework; sourceTree = BUILT_PRODUCTS_DIR; };
		C684751C1DE714290081DA95 /* DungeonsAndCardsWatch.app */ = {isa = PBXFileReference; explicitFileType = wrapper.application; includeInIndex = 0; path = DungeonsAndCardsWatch.app; sourceTree = BUILT_PRODUCTS_DIR; };
		C684751F1DE714290081DA95 /* Base */ = {isa = PBXFileReference; lastKnownFileType = file.storyboard; name = Base; path = Base.lproj/Interface.storyboard; sourceTree = "<group>"; };
		C68475211DE714290081DA95 /* Assets.xcassets */ = {isa = PBXFileReference; lastKnownFileType = folder.assetcatalog; path = Assets.xcassets; sourceTree = "<group>"; };
		C68475231DE714290081DA95 /* Info.plist */ = {isa = PBXFileReference; lastKnownFileType = text.plist.xml; path = Info.plist; sourceTree = "<group>"; };
		C68475281DE714290081DA95 /* DungeonsAndCardsWatch Extension.appex */ = {isa = PBXFileReference; explicitFileType = "wrapper.app-extension"; includeInIndex = 0; path = "DungeonsAndCardsWatch Extension.appex"; sourceTree = BUILT_PRODUCTS_DIR; };
		C684752E1DE714290081DA95 /* PushNotificationPayload.apns */ = {isa = PBXFileReference; lastKnownFileType = text; path = PushNotificationPayload.apns; sourceTree = "<group>"; };
		C684752F1DE714290081DA95 /* InterfaceController.swift */ = {isa = PBXFileReference; lastKnownFileType = sourcecode.swift; path = InterfaceController.swift; sourceTree = "<group>"; };
		C68475311DE714290081DA95 /* ExtensionDelegate.swift */ = {isa = PBXFileReference; lastKnownFileType = sourcecode.swift; path = ExtensionDelegate.swift; sourceTree = "<group>"; };
		C68475331DE714290081DA95 /* NotificationController.swift */ = {isa = PBXFileReference; lastKnownFileType = sourcecode.swift; path = NotificationController.swift; sourceTree = "<group>"; };
		C68475351DE714290081DA95 /* ComplicationController.swift */ = {isa = PBXFileReference; lastKnownFileType = sourcecode.swift; path = ComplicationController.swift; sourceTree = "<group>"; };
		C68475371DE714290081DA95 /* Assets.xcassets */ = {isa = PBXFileReference; lastKnownFileType = folder.assetcatalog; path = Assets.xcassets; sourceTree = "<group>"; };
		C68475391DE714290081DA95 /* Info.plist */ = {isa = PBXFileReference; lastKnownFileType = text.plist.xml; path = Info.plist; sourceTree = "<group>"; };
		C68475491DE715BA0081DA95 /* DungeonsAndCardsTests.xctest */ = {isa = PBXFileReference; explicitFileType = wrapper.cfbundle; includeInIndex = 0; path = DungeonsAndCardsTests.xctest; sourceTree = BUILT_PRODUCTS_DIR; };
		C684754B1DE715BA0081DA95 /* DungeonsAndCardsTests.swift */ = {isa = PBXFileReference; lastKnownFileType = sourcecode.swift; path = DungeonsAndCardsTests.swift; sourceTree = "<group>"; };
		C684754D1DE715BA0081DA95 /* Info.plist */ = {isa = PBXFileReference; lastKnownFileType = text.plist.xml; path = Info.plist; sourceTree = "<group>"; };
		C68475571DE716110081DA95 /* DungeonsAndCardsUITests.xctest */ = {isa = PBXFileReference; explicitFileType = wrapper.cfbundle; includeInIndex = 0; path = DungeonsAndCardsUITests.xctest; sourceTree = BUILT_PRODUCTS_DIR; };
		C68475591DE716110081DA95 /* DungeonsAndCardsUITests.swift */ = {isa = PBXFileReference; lastKnownFileType = sourcecode.swift; path = DungeonsAndCardsUITests.swift; sourceTree = "<group>"; };
		C684755B1DE716110081DA95 /* Info.plist */ = {isa = PBXFileReference; lastKnownFileType = text.plist.xml; path = Info.plist; sourceTree = "<group>"; };
		C68475641DE71B2D0081DA95 /* MainMenuViewController.swift */ = {isa = PBXFileReference; fileEncoding = 4; lastKnownFileType = sourcecode.swift; path = MainMenuViewController.swift; sourceTree = "<group>"; };
		C68475661DE71C450081DA95 /* IntroViewController.swift */ = {isa = PBXFileReference; fileEncoding = 4; lastKnownFileType = sourcecode.swift; path = IntroViewController.swift; sourceTree = "<group>"; };
		C684756E1DE7301F0081DA95 /* CustomSegue.swift */ = {isa = PBXFileReference; fileEncoding = 4; lastKnownFileType = sourcecode.swift; path = CustomSegue.swift; sourceTree = "<group>"; };
		D14E4E141DDF493A002A0ED0 /* DungeonsAndCards.app */ = {isa = PBXFileReference; explicitFileType = wrapper.application; includeInIndex = 0; path = DungeonsAndCards.app; sourceTree = BUILT_PRODUCTS_DIR; };
		D14E4E171DDF493A002A0ED0 /* AppDelegate.swift */ = {isa = PBXFileReference; lastKnownFileType = sourcecode.swift; path = AppDelegate.swift; sourceTree = "<group>"; };
		D14E4E1C1DDF493A002A0ED0 /* Base */ = {isa = PBXFileReference; lastKnownFileType = file.storyboard; name = Base; path = Base.lproj/Main.storyboard; sourceTree = "<group>"; };
		D14E4E1E1DDF493A002A0ED0 /* Assets.xcassets */ = {isa = PBXFileReference; lastKnownFileType = folder.assetcatalog; path = Assets.xcassets; sourceTree = "<group>"; };
		D14E4E211DDF493A002A0ED0 /* Base */ = {isa = PBXFileReference; lastKnownFileType = file.storyboard; name = Base; path = Base.lproj/LaunchScreen.storyboard; sourceTree = "<group>"; };
		D14E4E231DDF493A002A0ED0 /* Info.plist */ = {isa = PBXFileReference; lastKnownFileType = text.plist.xml; path = Info.plist; sourceTree = "<group>"; };
		D1D014E21DE5C4CC00E52C03 /* Game.swift */ = {isa = PBXFileReference; fileEncoding = 4; lastKnownFileType = sourcecode.swift; path = Game.swift; sourceTree = "<group>"; };
		D1D014E41DE5C4FB00E52C03 /* Party.swift */ = {isa = PBXFileReference; fileEncoding = 4; lastKnownFileType = sourcecode.swift; path = Party.swift; sourceTree = "<group>"; };
		D1D014E61DE5C52000E52C03 /* Hero.swift */ = {isa = PBXFileReference; fileEncoding = 4; lastKnownFileType = sourcecode.swift; path = Hero.swift; sourceTree = "<group>"; };
/* End PBXFileReference section */

/* Begin PBXFrameworksBuildPhase section */
		C68475251DE714290081DA95 /* Frameworks */ = {
			isa = PBXFrameworksBuildPhase;
			buildActionMask = 2147483647;
			files = (
			);
			runOnlyForDeploymentPostprocessing = 0;
		};
		C68475461DE715BA0081DA95 /* Frameworks */ = {
			isa = PBXFrameworksBuildPhase;
			buildActionMask = 2147483647;
			files = (
			);
			runOnlyForDeploymentPostprocessing = 0;
		};
		C68475541DE716110081DA95 /* Frameworks */ = {
			isa = PBXFrameworksBuildPhase;
			buildActionMask = 2147483647;
			files = (
			);
			runOnlyForDeploymentPostprocessing = 0;
		};
		D14E4E111DDF493A002A0ED0 /* Frameworks */ = {
			isa = PBXFrameworksBuildPhase;
			buildActionMask = 2147483647;
			files = (
				8F7F8537AE186B226F32B20B /* Pods_DungeonsAndCards.framework in Frameworks */,
			);
			runOnlyForDeploymentPostprocessing = 0;
		};
/* End PBXFrameworksBuildPhase section */

/* Begin PBXGroup section */
		28662B0E9030E8BC112ECADE /* Frameworks */ = {
			isa = PBXGroup;
			children = (
				B645E0373DF549D60E8E5673 /* Pods_DungeonsAndCards.framework */,
			);
			name = Frameworks;
			sourceTree = "<group>";
		};
		502433B368CDF98578ED3261 /* Pods */ = {
			isa = PBXGroup;
			children = (
				4DD7E1832371A03C67530109 /* Pods-DungeonsAndCards.debug.xcconfig */,
				09F77FB39E27C870F7DBE751 /* Pods-DungeonsAndCards.release.xcconfig */,
			);
			name = Pods;
			sourceTree = "<group>";
		};
		C684751D1DE714290081DA95 /* DungeonsAndCardsWatch */ = {
			isa = PBXGroup;
			children = (
				C684751E1DE714290081DA95 /* Interface.storyboard */,
				C68475211DE714290081DA95 /* Assets.xcassets */,
				C68475231DE714290081DA95 /* Info.plist */,
			);
			path = DungeonsAndCardsWatch;
			sourceTree = "<group>";
		};
		C684752C1DE714290081DA95 /* DungeonsAndCardsWatch Extension */ = {
			isa = PBXGroup;
			children = (
				C684752F1DE714290081DA95 /* InterfaceController.swift */,
				C68475311DE714290081DA95 /* ExtensionDelegate.swift */,
				C68475331DE714290081DA95 /* NotificationController.swift */,
				C68475351DE714290081DA95 /* ComplicationController.swift */,
				C68475371DE714290081DA95 /* Assets.xcassets */,
				C68475391DE714290081DA95 /* Info.plist */,
				C684752D1DE714290081DA95 /* Supporting Files */,
			);
			path = "DungeonsAndCardsWatch Extension";
			sourceTree = "<group>";
		};
		C684752D1DE714290081DA95 /* Supporting Files */ = {
			isa = PBXGroup;
			children = (
				C684752E1DE714290081DA95 /* PushNotificationPayload.apns */,
			);
			name = "Supporting Files";
			sourceTree = "<group>";
		};
		C684754A1DE715BA0081DA95 /* DungeonsAndCardsTests */ = {
			isa = PBXGroup;
			children = (
				C684754B1DE715BA0081DA95 /* DungeonsAndCardsTests.swift */,
				C684754D1DE715BA0081DA95 /* Info.plist */,
			);
			path = DungeonsAndCardsTests;
			sourceTree = "<group>";
		};
		C68475581DE716110081DA95 /* DungeonsAndCardsUITests */ = {
			isa = PBXGroup;
			children = (
				C68475591DE716110081DA95 /* DungeonsAndCardsUITests.swift */,
				C684755B1DE716110081DA95 /* Info.plist */,
			);
			path = DungeonsAndCardsUITests;
			sourceTree = "<group>";
		};
		C68475631DE71B0A0081DA95 /* View */ = {
			isa = PBXGroup;
			children = (
				C68475641DE71B2D0081DA95 /* MainMenuViewController.swift */,
				C68475661DE71C450081DA95 /* IntroViewController.swift */,
			);
			name = View;
			sourceTree = "<group>";
		};
		C68475701DE7344D0081DA95 /* Controller */ = {
			isa = PBXGroup;
			children = (
				C684756E1DE7301F0081DA95 /* CustomSegue.swift */,
			);
			name = Controller;
			sourceTree = "<group>";
		};
		C68475711DE7345A0081DA95 /* Shared */ = {
			isa = PBXGroup;
			children = (
			);
			name = Shared;
			sourceTree = "<group>";
		};
		D14E4E0B1DDF493A002A0ED0 = {
			isa = PBXGroup;
			children = (
				D14E4E161DDF493A002A0ED0 /* DungeonsAndCards */,
				C684751D1DE714290081DA95 /* DungeonsAndCardsWatch */,
				C684752C1DE714290081DA95 /* DungeonsAndCardsWatch Extension */,
				C684754A1DE715BA0081DA95 /* DungeonsAndCardsTests */,
				C68475581DE716110081DA95 /* DungeonsAndCardsUITests */,
				D14E4E151DDF493A002A0ED0 /* Products */,
				502433B368CDF98578ED3261 /* Pods */,
				28662B0E9030E8BC112ECADE /* Frameworks */,
			);
			sourceTree = "<group>";
		};
		D14E4E151DDF493A002A0ED0 /* Products */ = {
			isa = PBXGroup;
			children = (
				D14E4E141DDF493A002A0ED0 /* DungeonsAndCards.app */,
				C684751C1DE714290081DA95 /* DungeonsAndCardsWatch.app */,
				C68475281DE714290081DA95 /* DungeonsAndCardsWatch Extension.appex */,
				C68475491DE715BA0081DA95 /* DungeonsAndCardsTests.xctest */,
				C68475571DE716110081DA95 /* DungeonsAndCardsUITests.xctest */,
			);
			name = Products;
			sourceTree = "<group>";
		};
		D14E4E161DDF493A002A0ED0 /* DungeonsAndCards */ = {
			isa = PBXGroup;
			children = (
				C68475711DE7345A0081DA95 /* Shared */,
				C68475701DE7344D0081DA95 /* Controller */,
				C68475631DE71B0A0081DA95 /* View */,
				D1D014E11DE5C4BE00E52C03 /* Model */,
				D14E4E171DDF493A002A0ED0 /* AppDelegate.swift */,
				D14E4E1B1DDF493A002A0ED0 /* Main.storyboard */,
				D14E4E1E1DDF493A002A0ED0 /* Assets.xcassets */,
				D14E4E201DDF493A002A0ED0 /* LaunchScreen.storyboard */,
				D14E4E231DDF493A002A0ED0 /* Info.plist */,
			);
			path = DungeonsAndCards;
			sourceTree = "<group>";
		};
		D1D014E11DE5C4BE00E52C03 /* Model */ = {
			isa = PBXGroup;
			children = (
				D1EF4C651DE5E08000C95AB8 /* Data */,
				D1D014E21DE5C4CC00E52C03 /* Game.swift */,
				D1D014E41DE5C4FB00E52C03 /* Party.swift */,
				D1D014E61DE5C52000E52C03 /* Hero.swift */,
			);
			name = Model;
			sourceTree = "<group>";
		};
		D1EF4C651DE5E08000C95AB8 /* Data */ = {
			isa = PBXGroup;
			children = (
			);
			name = Data;
			sourceTree = "<group>";
		};
/* End PBXGroup section */

/* Begin PBXNativeTarget section */
		C684751B1DE714290081DA95 /* DungeonsAndCardsWatch */ = {
			isa = PBXNativeTarget;
			buildConfigurationList = C68475431DE714290081DA95 /* Build configuration list for PBXNativeTarget "DungeonsAndCardsWatch" */;
			buildPhases = (
				C684751A1DE714290081DA95 /* Resources */,
				C68475421DE714290081DA95 /* Embed App Extensions */,
			);
			buildRules = (
			);
			dependencies = (
				C684752B1DE714290081DA95 /* PBXTargetDependency */,
			);
			name = DungeonsAndCardsWatch;
			productName = DungeonsAndCardsWatch;
			productReference = C684751C1DE714290081DA95 /* DungeonsAndCardsWatch.app */;
			productType = "com.apple.product-type.application.watchapp2";
		};
		C68475271DE714290081DA95 /* DungeonsAndCardsWatch Extension */ = {
			isa = PBXNativeTarget;
			buildConfigurationList = C68475411DE714290081DA95 /* Build configuration list for PBXNativeTarget "DungeonsAndCardsWatch Extension" */;
			buildPhases = (
				C68475241DE714290081DA95 /* Sources */,
				C68475251DE714290081DA95 /* Frameworks */,
				C68475261DE714290081DA95 /* Resources */,
			);
			buildRules = (
			);
			dependencies = (
			);
			name = "DungeonsAndCardsWatch Extension";
			productName = "DungeonsAndCardsWatch Extension";
			productReference = C68475281DE714290081DA95 /* DungeonsAndCardsWatch Extension.appex */;
			productType = "com.apple.product-type.watchkit2-extension";
		};
		C68475481DE715BA0081DA95 /* DungeonsAndCardsTests */ = {
			isa = PBXNativeTarget;
			buildConfigurationList = C68475501DE715BA0081DA95 /* Build configuration list for PBXNativeTarget "DungeonsAndCardsTests" */;
			buildPhases = (
				C68475451DE715BA0081DA95 /* Sources */,
				C68475461DE715BA0081DA95 /* Frameworks */,
				C68475471DE715BA0081DA95 /* Resources */,
			);
			buildRules = (
			);
			dependencies = (
				C684754F1DE715BA0081DA95 /* PBXTargetDependency */,
			);
			name = DungeonsAndCardsTests;
			productName = DungeonsAndCardsTests;
			productReference = C68475491DE715BA0081DA95 /* DungeonsAndCardsTests.xctest */;
			productType = "com.apple.product-type.bundle.unit-test";
		};
		C68475561DE716110081DA95 /* DungeonsAndCardsUITests */ = {
			isa = PBXNativeTarget;
			buildConfigurationList = C684755E1DE716110081DA95 /* Build configuration list for PBXNativeTarget "DungeonsAndCardsUITests" */;
			buildPhases = (
				C68475531DE716110081DA95 /* Sources */,
				C68475541DE716110081DA95 /* Frameworks */,
				C68475551DE716110081DA95 /* Resources */,
			);
			buildRules = (
			);
			dependencies = (
				C684755D1DE716110081DA95 /* PBXTargetDependency */,
			);
			name = DungeonsAndCardsUITests;
			productName = DungeonsAndCardsUITests;
			productReference = C68475571DE716110081DA95 /* DungeonsAndCardsUITests.xctest */;
			productType = "com.apple.product-type.bundle.ui-testing";
		};
		D14E4E131DDF493A002A0ED0 /* DungeonsAndCards */ = {
			isa = PBXNativeTarget;
			buildConfigurationList = D14E4E261DDF493A002A0ED0 /* Build configuration list for PBXNativeTarget "DungeonsAndCards" */;
			buildPhases = (
				69971ECA124B85730E21D616 /* [CP] Check Pods Manifest.lock */,
				D14E4E101DDF493A002A0ED0 /* Sources */,
				D14E4E111DDF493A002A0ED0 /* Frameworks */,
				D14E4E121DDF493A002A0ED0 /* Resources */,
				B5EC3D1E56EB5EA3403462E1 /* [CP] Embed Pods Frameworks */,
				53D038E110883A0C4E5BC9CE /* [CP] Copy Pods Resources */,
				C68475441DE714290081DA95 /* Embed Watch Content */,
			);
			buildRules = (
			);
			dependencies = (
				C684753B1DE714290081DA95 /* PBXTargetDependency */,
			);
			name = DungeonsAndCards;
			productName = DungeonsAndCards;
			productReference = D14E4E141DDF493A002A0ED0 /* DungeonsAndCards.app */;
			productType = "com.apple.product-type.application";
		};
/* End PBXNativeTarget section */

/* Begin PBXProject section */
		D14E4E0C1DDF493A002A0ED0 /* Project object */ = {
			isa = PBXProject;
			attributes = {
				LastSwiftUpdateCheck = 0810;
				LastUpgradeCheck = 0810;
				ORGANIZATIONNAME = hananim;
				TargetAttributes = {
					C684751B1DE714290081DA95 = {
						CreatedOnToolsVersion = 8.1;
						DevelopmentTeam = FWD9V5VYJ2;
						ProvisioningStyle = Automatic;
					};
					C68475271DE714290081DA95 = {
						CreatedOnToolsVersion = 8.1;
						DevelopmentTeam = GRKYXDG5QL;
						ProvisioningStyle = Automatic;
					};
					C68475481DE715BA0081DA95 = {
						CreatedOnToolsVersion = 8.1;
						DevelopmentTeam = GRKYXDG5QL;
						ProvisioningStyle = Automatic;
						TestTargetID = D14E4E131DDF493A002A0ED0;
					};
					C68475561DE716110081DA95 = {
						CreatedOnToolsVersion = 8.1;
						DevelopmentTeam = GRKYXDG5QL;
						ProvisioningStyle = Automatic;
						TestTargetID = D14E4E131DDF493A002A0ED0;
					};
					D14E4E131DDF493A002A0ED0 = {
						CreatedOnToolsVersion = 8.1;
						DevelopmentTeam = GRKYXDG5QL;
						ProvisioningStyle = Automatic;
					};
				};
			};
			buildConfigurationList = D14E4E0F1DDF493A002A0ED0 /* Build configuration list for PBXProject "DungeonsAndCards" */;
			compatibilityVersion = "Xcode 3.2";
			developmentRegion = English;
			hasScannedForEncodings = 0;
			knownRegions = (
				en,
				Base,
			);
			mainGroup = D14E4E0B1DDF493A002A0ED0;
			productRefGroup = D14E4E151DDF493A002A0ED0 /* Products */;
			projectDirPath = "";
			projectRoot = "";
			targets = (
				D14E4E131DDF493A002A0ED0 /* DungeonsAndCards */,
				C684751B1DE714290081DA95 /* DungeonsAndCardsWatch */,
				C68475271DE714290081DA95 /* DungeonsAndCardsWatch Extension */,
				C68475481DE715BA0081DA95 /* DungeonsAndCardsTests */,
				C68475561DE716110081DA95 /* DungeonsAndCardsUITests */,
			);
		};
/* End PBXProject section */

/* Begin PBXResourcesBuildPhase section */
		C684751A1DE714290081DA95 /* Resources */ = {
			isa = PBXResourcesBuildPhase;
			buildActionMask = 2147483647;
			files = (
				C68475221DE714290081DA95 /* Assets.xcassets in Resources */,
				C68475201DE714290081DA95 /* Interface.storyboard in Resources */,
			);
			runOnlyForDeploymentPostprocessing = 0;
		};
		C68475261DE714290081DA95 /* Resources */ = {
			isa = PBXResourcesBuildPhase;
			buildActionMask = 2147483647;
			files = (
				C68475381DE714290081DA95 /* Assets.xcassets in Resources */,
			);
			runOnlyForDeploymentPostprocessing = 0;
		};
		C68475471DE715BA0081DA95 /* Resources */ = {
			isa = PBXResourcesBuildPhase;
			buildActionMask = 2147483647;
			files = (
			);
			runOnlyForDeploymentPostprocessing = 0;
		};
		C68475551DE716110081DA95 /* Resources */ = {
			isa = PBXResourcesBuildPhase;
			buildActionMask = 2147483647;
			files = (
			);
			runOnlyForDeploymentPostprocessing = 0;
		};
		D14E4E121DDF493A002A0ED0 /* Resources */ = {
			isa = PBXResourcesBuildPhase;
			buildActionMask = 2147483647;
			files = (
				D14E4E221DDF493A002A0ED0 /* LaunchScreen.storyboard in Resources */,
				D14E4E1F1DDF493A002A0ED0 /* Assets.xcassets in Resources */,
				D14E4E1D1DDF493A002A0ED0 /* Main.storyboard in Resources */,
			);
			runOnlyForDeploymentPostprocessing = 0;
		};
/* End PBXResourcesBuildPhase section */

/* Begin PBXShellScriptBuildPhase section */
		53D038E110883A0C4E5BC9CE /* [CP] Copy Pods Resources */ = {
			isa = PBXShellScriptBuildPhase;
			buildActionMask = 2147483647;
			files = (
			);
			inputPaths = (
			);
			name = "[CP] Copy Pods Resources";
			outputPaths = (
			);
			runOnlyForDeploymentPostprocessing = 0;
			shellPath = /bin/sh;
			shellScript = "\"${SRCROOT}/Pods/Target Support Files/Pods-DungeonsAndCards/Pods-DungeonsAndCards-resources.sh\"\n";
			showEnvVarsInLog = 0;
		};
		69971ECA124B85730E21D616 /* [CP] Check Pods Manifest.lock */ = {
			isa = PBXShellScriptBuildPhase;
			buildActionMask = 2147483647;
			files = (
			);
			inputPaths = (
			);
			name = "[CP] Check Pods Manifest.lock";
			outputPaths = (
			);
			runOnlyForDeploymentPostprocessing = 0;
			shellPath = /bin/sh;
			shellScript = "diff \"${PODS_ROOT}/../Podfile.lock\" \"${PODS_ROOT}/Manifest.lock\" > /dev/null\nif [[ $? != 0 ]] ; then\n    cat << EOM\nerror: The sandbox is not in sync with the Podfile.lock. Run 'pod install' or update your CocoaPods installation.\nEOM\n    exit 1\nfi\n";
			showEnvVarsInLog = 0;
		};
		B5EC3D1E56EB5EA3403462E1 /* [CP] Embed Pods Frameworks */ = {
			isa = PBXShellScriptBuildPhase;
			buildActionMask = 2147483647;
			files = (
			);
			inputPaths = (
			);
			name = "[CP] Embed Pods Frameworks";
			outputPaths = (
			);
			runOnlyForDeploymentPostprocessing = 0;
			shellPath = /bin/sh;
			shellScript = "\"${SRCROOT}/Pods/Target Support Files/Pods-DungeonsAndCards/Pods-DungeonsAndCards-frameworks.sh\"\n";
			showEnvVarsInLog = 0;
		};
/* End PBXShellScriptBuildPhase section */

/* Begin PBXSourcesBuildPhase section */
		C68475241DE714290081DA95 /* Sources */ = {
			isa = PBXSourcesBuildPhase;
			buildActionMask = 2147483647;
			files = (
				C68475341DE714290081DA95 /* NotificationController.swift in Sources */,
				C68475361DE714290081DA95 /* ComplicationController.swift in Sources */,
				C68475321DE714290081DA95 /* ExtensionDelegate.swift in Sources */,
				C68475301DE714290081DA95 /* InterfaceController.swift in Sources */,
			);
			runOnlyForDeploymentPostprocessing = 0;
		};
		C68475451DE715BA0081DA95 /* Sources */ = {
			isa = PBXSourcesBuildPhase;
			buildActionMask = 2147483647;
			files = (
				C684754C1DE715BA0081DA95 /* DungeonsAndCardsTests.swift in Sources */,
			);
			runOnlyForDeploymentPostprocessing = 0;
		};
		C68475531DE716110081DA95 /* Sources */ = {
			isa = PBXSourcesBuildPhase;
			buildActionMask = 2147483647;
			files = (
				C684755A1DE716110081DA95 /* DungeonsAndCardsUITests.swift in Sources */,
			);
			runOnlyForDeploymentPostprocessing = 0;
		};
		D14E4E101DDF493A002A0ED0 /* Sources */ = {
			isa = PBXSourcesBuildPhase;
			buildActionMask = 2147483647;
			files = (
				D1D014E71DE5C52000E52C03 /* Hero.swift in Sources */,
				C68475651DE71B2D0081DA95 /* MainMenuViewController.swift in Sources */,
				D1D014E31DE5C4CC00E52C03 /* Game.swift in Sources */,
				C68475671DE71C450081DA95 /* IntroViewController.swift in Sources */,
				C684756F1DE7301F0081DA95 /* CustomSegue.swift in Sources */,
				D1D014E51DE5C4FB00E52C03 /* Party.swift in Sources */,
				D14E4E181DDF493A002A0ED0 /* AppDelegate.swift in Sources */,
			);
			runOnlyForDeploymentPostprocessing = 0;
		};
/* End PBXSourcesBuildPhase section */

/* Begin PBXTargetDependency section */
		C684752B1DE714290081DA95 /* PBXTargetDependency */ = {
			isa = PBXTargetDependency;
			target = C68475271DE714290081DA95 /* DungeonsAndCardsWatch Extension */;
			targetProxy = C684752A1DE714290081DA95 /* PBXContainerItemProxy */;
		};
		C684753B1DE714290081DA95 /* PBXTargetDependency */ = {
			isa = PBXTargetDependency;
			target = C684751B1DE714290081DA95 /* DungeonsAndCardsWatch */;
			targetProxy = C684753A1DE714290081DA95 /* PBXContainerItemProxy */;
		};
		C684754F1DE715BA0081DA95 /* PBXTargetDependency */ = {
			isa = PBXTargetDependency;
			target = D14E4E131DDF493A002A0ED0 /* DungeonsAndCards */;
			targetProxy = C684754E1DE715BA0081DA95 /* PBXContainerItemProxy */;
		};
		C684755D1DE716110081DA95 /* PBXTargetDependency */ = {
			isa = PBXTargetDependency;
			target = D14E4E131DDF493A002A0ED0 /* DungeonsAndCards */;
			targetProxy = C684755C1DE716110081DA95 /* PBXContainerItemProxy */;
		};
/* End PBXTargetDependency section */

/* Begin PBXVariantGroup section */
		C684751E1DE714290081DA95 /* Interface.storyboard */ = {
			isa = PBXVariantGroup;
			children = (
				C684751F1DE714290081DA95 /* Base */,
			);
			name = Interface.storyboard;
			sourceTree = "<group>";
		};
		D14E4E1B1DDF493A002A0ED0 /* Main.storyboard */ = {
			isa = PBXVariantGroup;
			children = (
				D14E4E1C1DDF493A002A0ED0 /* Base */,
			);
			name = Main.storyboard;
			sourceTree = "<group>";
		};
		D14E4E201DDF493A002A0ED0 /* LaunchScreen.storyboard */ = {
			isa = PBXVariantGroup;
			children = (
				D14E4E211DDF493A002A0ED0 /* Base */,
			);
			name = LaunchScreen.storyboard;
			sourceTree = "<group>";
		};
/* End PBXVariantGroup section */

/* Begin XCBuildConfiguration section */
		C684753D1DE714290081DA95 /* Debug */ = {
			isa = XCBuildConfiguration;
			buildSettings = {
				ALWAYS_EMBED_SWIFT_STANDARD_LIBRARIES = YES;
				ASSETCATALOG_COMPILER_APPICON_NAME = AppIcon;
				DEVELOPMENT_TEAM = FWD9V5VYJ2;
				IBSC_MODULE = DungeonsAndCardsWatch_Extension;
				INFOPLIST_FILE = DungeonsAndCardsWatch/Info.plist;
				PRODUCT_BUNDLE_IDENTIFIER = com.hananim.DungeonsAndCards.watchkitapp;
				PRODUCT_NAME = "$(TARGET_NAME)";
				SDKROOT = watchos;
				SKIP_INSTALL = YES;
				SWIFT_VERSION = 3.0;
				TARGETED_DEVICE_FAMILY = 4;
				WATCHOS_DEPLOYMENT_TARGET = 3.1;
			};
			name = Debug;
		};
		C684753E1DE714290081DA95 /* Release */ = {
			isa = XCBuildConfiguration;
			buildSettings = {
				ALWAYS_EMBED_SWIFT_STANDARD_LIBRARIES = YES;
				ASSETCATALOG_COMPILER_APPICON_NAME = AppIcon;
				DEVELOPMENT_TEAM = FWD9V5VYJ2;
				IBSC_MODULE = DungeonsAndCardsWatch_Extension;
				INFOPLIST_FILE = DungeonsAndCardsWatch/Info.plist;
				PRODUCT_BUNDLE_IDENTIFIER = com.hananim.DungeonsAndCards.watchkitapp;
				PRODUCT_NAME = "$(TARGET_NAME)";
				SDKROOT = watchos;
				SKIP_INSTALL = YES;
				SWIFT_VERSION = 3.0;
				TARGETED_DEVICE_FAMILY = 4;
				WATCHOS_DEPLOYMENT_TARGET = 3.1;
			};
			name = Release;
		};
		C684753F1DE714290081DA95 /* Debug */ = {
			isa = XCBuildConfiguration;
			buildSettings = {
				ASSETCATALOG_COMPILER_COMPLICATION_NAME = Complication;
				DEVELOPMENT_TEAM = GRKYXDG5QL;
				INFOPLIST_FILE = "DungeonsAndCardsWatch Extension/Info.plist";
				LD_RUNPATH_SEARCH_PATHS = "$(inherited) @executable_path/Frameworks @executable_path/../../Frameworks";
				PRODUCT_BUNDLE_IDENTIFIER = com.hananim.DungeonsAndCards.watchkitapp.watchkitextension;
				PRODUCT_NAME = "${TARGET_NAME}";
				SDKROOT = watchos;
				SKIP_INSTALL = YES;
				SWIFT_VERSION = 3.0;
				TARGETED_DEVICE_FAMILY = 4;
				WATCHOS_DEPLOYMENT_TARGET = 3.1;
			};
			name = Debug;
		};
		C68475401DE714290081DA95 /* Release */ = {
			isa = XCBuildConfiguration;
			buildSettings = {
				ASSETCATALOG_COMPILER_COMPLICATION_NAME = Complication;
				DEVELOPMENT_TEAM = GRKYXDG5QL;
				INFOPLIST_FILE = "DungeonsAndCardsWatch Extension/Info.plist";
				LD_RUNPATH_SEARCH_PATHS = "$(inherited) @executable_path/Frameworks @executable_path/../../Frameworks";
				PRODUCT_BUNDLE_IDENTIFIER = com.hananim.DungeonsAndCards.watchkitapp.watchkitextension;
				PRODUCT_NAME = "${TARGET_NAME}";
				SDKROOT = watchos;
				SKIP_INSTALL = YES;
				SWIFT_VERSION = 3.0;
				TARGETED_DEVICE_FAMILY = 4;
				WATCHOS_DEPLOYMENT_TARGET = 3.1;
			};
			name = Release;
		};
		C68475511DE715BA0081DA95 /* Debug */ = {
			isa = XCBuildConfiguration;
			buildSettings = {
				BUNDLE_LOADER = "$(TEST_HOST)";
				DEVELOPMENT_TEAM = GRKYXDG5QL;
				INFOPLIST_FILE = DungeonsAndCardsTests/Info.plist;
				LD_RUNPATH_SEARCH_PATHS = "$(inherited) @executable_path/Frameworks @loader_path/Frameworks";
				PRODUCT_BUNDLE_IDENTIFIER = "com.hananim-studios.DungeonsAndCardsTests";
				PRODUCT_NAME = "$(TARGET_NAME)";
				SWIFT_VERSION = 3.0;
				TEST_HOST = "$(BUILT_PRODUCTS_DIR)/DungeonsAndCards.app/DungeonsAndCards";
			};
			name = Debug;
		};
		C68475521DE715BA0081DA95 /* Release */ = {
			isa = XCBuildConfiguration;
			buildSettings = {
				BUNDLE_LOADER = "$(TEST_HOST)";
				DEVELOPMENT_TEAM = GRKYXDG5QL;
				INFOPLIST_FILE = DungeonsAndCardsTests/Info.plist;
				LD_RUNPATH_SEARCH_PATHS = "$(inherited) @executable_path/Frameworks @loader_path/Frameworks";
				PRODUCT_BUNDLE_IDENTIFIER = "com.hananim-studios.DungeonsAndCardsTests";
				PRODUCT_NAME = "$(TARGET_NAME)";
				SWIFT_VERSION = 3.0;
				TEST_HOST = "$(BUILT_PRODUCTS_DIR)/DungeonsAndCards.app/DungeonsAndCards";
			};
			name = Release;
		};
		C684755F1DE716110081DA95 /* Debug */ = {
			isa = XCBuildConfiguration;
			buildSettings = {
				DEVELOPMENT_TEAM = GRKYXDG5QL;
				INFOPLIST_FILE = DungeonsAndCardsUITests/Info.plist;
				LD_RUNPATH_SEARCH_PATHS = "$(inherited) @executable_path/Frameworks @loader_path/Frameworks";
				PRODUCT_BUNDLE_IDENTIFIER = "com.hananim-studios.DungeonsAndCardsUITests";
				PRODUCT_NAME = "$(TARGET_NAME)";
				SWIFT_VERSION = 3.0;
				TEST_TARGET_NAME = DungeonsAndCards;
			};
			name = Debug;
		};
		C68475601DE716110081DA95 /* Release */ = {
			isa = XCBuildConfiguration;
			buildSettings = {
				DEVELOPMENT_TEAM = GRKYXDG5QL;
				INFOPLIST_FILE = DungeonsAndCardsUITests/Info.plist;
				LD_RUNPATH_SEARCH_PATHS = "$(inherited) @executable_path/Frameworks @loader_path/Frameworks";
				PRODUCT_BUNDLE_IDENTIFIER = "com.hananim-studios.DungeonsAndCardsUITests";
				PRODUCT_NAME = "$(TARGET_NAME)";
				SWIFT_VERSION = 3.0;
				TEST_TARGET_NAME = DungeonsAndCards;
			};
			name = Release;
		};
		D14E4E241DDF493A002A0ED0 /* Debug */ = {
			isa = XCBuildConfiguration;
			buildSettings = {
				ALWAYS_SEARCH_USER_PATHS = NO;
				CLANG_ANALYZER_NONNULL = YES;
				CLANG_CXX_LANGUAGE_STANDARD = "gnu++0x";
				CLANG_CXX_LIBRARY = "libc++";
				CLANG_ENABLE_MODULES = YES;
				CLANG_ENABLE_OBJC_ARC = YES;
				CLANG_WARN_BOOL_CONVERSION = YES;
				CLANG_WARN_CONSTANT_CONVERSION = YES;
				CLANG_WARN_DIRECT_OBJC_ISA_USAGE = YES_ERROR;
				CLANG_WARN_DOCUMENTATION_COMMENTS = YES;
				CLANG_WARN_EMPTY_BODY = YES;
				CLANG_WARN_ENUM_CONVERSION = YES;
				CLANG_WARN_INFINITE_RECURSION = YES;
				CLANG_WARN_INT_CONVERSION = YES;
				CLANG_WARN_OBJC_ROOT_CLASS = YES_ERROR;
				CLANG_WARN_SUSPICIOUS_MOVES = YES;
				CLANG_WARN_UNREACHABLE_CODE = YES;
				CLANG_WARN__DUPLICATE_METHOD_MATCH = YES;
				"CODE_SIGN_IDENTITY[sdk=iphoneos*]" = "iPhone Developer";
				COPY_PHASE_STRIP = NO;
				DEBUG_INFORMATION_FORMAT = dwarf;
				ENABLE_STRICT_OBJC_MSGSEND = YES;
				ENABLE_TESTABILITY = YES;
				GCC_C_LANGUAGE_STANDARD = gnu99;
				GCC_DYNAMIC_NO_PIC = NO;
				GCC_NO_COMMON_BLOCKS = YES;
				GCC_OPTIMIZATION_LEVEL = 0;
				GCC_PREPROCESSOR_DEFINITIONS = (
					"DEBUG=1",
					"$(inherited)",
				);
				GCC_WARN_64_TO_32_BIT_CONVERSION = YES;
				GCC_WARN_ABOUT_RETURN_TYPE = YES_ERROR;
				GCC_WARN_UNDECLARED_SELECTOR = YES;
				GCC_WARN_UNINITIALIZED_AUTOS = YES_AGGRESSIVE;
				GCC_WARN_UNUSED_FUNCTION = YES;
				GCC_WARN_UNUSED_VARIABLE = YES;
				IPHONEOS_DEPLOYMENT_TARGET = 10.1;
				MTL_ENABLE_DEBUG_INFO = YES;
				ONLY_ACTIVE_ARCH = YES;
				SDKROOT = iphoneos;
				SWIFT_ACTIVE_COMPILATION_CONDITIONS = DEBUG;
				SWIFT_OPTIMIZATION_LEVEL = "-Onone";
				TARGETED_DEVICE_FAMILY = "1,2";
			};
			name = Debug;
		};
		D14E4E251DDF493A002A0ED0 /* Release */ = {
			isa = XCBuildConfiguration;
			buildSettings = {
				ALWAYS_SEARCH_USER_PATHS = NO;
				CLANG_ANALYZER_NONNULL = YES;
				CLANG_CXX_LANGUAGE_STANDARD = "gnu++0x";
				CLANG_CXX_LIBRARY = "libc++";
				CLANG_ENABLE_MODULES = YES;
				CLANG_ENABLE_OBJC_ARC = YES;
				CLANG_WARN_BOOL_CONVERSION = YES;
				CLANG_WARN_CONSTANT_CONVERSION = YES;
				CLANG_WARN_DIRECT_OBJC_ISA_USAGE = YES_ERROR;
				CLANG_WARN_DOCUMENTATION_COMMENTS = YES;
				CLANG_WARN_EMPTY_BODY = YES;
				CLANG_WARN_ENUM_CONVERSION = YES;
				CLANG_WARN_INFINITE_RECURSION = YES;
				CLANG_WARN_INT_CONVERSION = YES;
				CLANG_WARN_OBJC_ROOT_CLASS = YES_ERROR;
				CLANG_WARN_SUSPICIOUS_MOVES = YES;
				CLANG_WARN_UNREACHABLE_CODE = YES;
				CLANG_WARN__DUPLICATE_METHOD_MATCH = YES;
				"CODE_SIGN_IDENTITY[sdk=iphoneos*]" = "iPhone Developer";
				COPY_PHASE_STRIP = NO;
				DEBUG_INFORMATION_FORMAT = "dwarf-with-dsym";
				ENABLE_NS_ASSERTIONS = NO;
				ENABLE_STRICT_OBJC_MSGSEND = YES;
				GCC_C_LANGUAGE_STANDARD = gnu99;
				GCC_NO_COMMON_BLOCKS = YES;
				GCC_WARN_64_TO_32_BIT_CONVERSION = YES;
				GCC_WARN_ABOUT_RETURN_TYPE = YES_ERROR;
				GCC_WARN_UNDECLARED_SELECTOR = YES;
				GCC_WARN_UNINITIALIZED_AUTOS = YES_AGGRESSIVE;
				GCC_WARN_UNUSED_FUNCTION = YES;
				GCC_WARN_UNUSED_VARIABLE = YES;
				IPHONEOS_DEPLOYMENT_TARGET = 10.1;
				MTL_ENABLE_DEBUG_INFO = NO;
				SDKROOT = iphoneos;
				SWIFT_OPTIMIZATION_LEVEL = "-Owholemodule";
				TARGETED_DEVICE_FAMILY = "1,2";
				VALIDATE_PRODUCT = YES;
			};
			name = Release;
		};
		D14E4E271DDF493A002A0ED0 /* Debug */ = {
			isa = XCBuildConfiguration;
			baseConfigurationReference = 4DD7E1832371A03C67530109 /* Pods-DungeonsAndCards.debug.xcconfig */;
			buildSettings = {
				ASSETCATALOG_COMPILER_APPICON_NAME = AppIcon;
				DEVELOPMENT_TEAM = GRKYXDG5QL;
				INFOPLIST_FILE = DungeonsAndCards/Info.plist;
				LD_RUNPATH_SEARCH_PATHS = "$(inherited) @executable_path/Frameworks";
				PRODUCT_BUNDLE_IDENTIFIER = com.hananim.DungeonsAndCards;
				PRODUCT_NAME = "$(TARGET_NAME)";
				SWIFT_VERSION = 3.0;
			};
			name = Debug;
		};
		D14E4E281DDF493A002A0ED0 /* Release */ = {
			isa = XCBuildConfiguration;
			baseConfigurationReference = 09F77FB39E27C870F7DBE751 /* Pods-DungeonsAndCards.release.xcconfig */;
			buildSettings = {
				ASSETCATALOG_COMPILER_APPICON_NAME = AppIcon;
				DEVELOPMENT_TEAM = GRKYXDG5QL;
				INFOPLIST_FILE = DungeonsAndCards/Info.plist;
				LD_RUNPATH_SEARCH_PATHS = "$(inherited) @executable_path/Frameworks";
				PRODUCT_BUNDLE_IDENTIFIER = com.hananim.DungeonsAndCards;
				PRODUCT_NAME = "$(TARGET_NAME)";
				SWIFT_VERSION = 3.0;
			};
			name = Release;
		};
/* End XCBuildConfiguration section */

/* Begin XCConfigurationList section */
		C68475411DE714290081DA95 /* Build configuration list for PBXNativeTarget "DungeonsAndCardsWatch Extension" */ = {
			isa = XCConfigurationList;
			buildConfigurations = (
				C684753F1DE714290081DA95 /* Debug */,
				C68475401DE714290081DA95 /* Release */,
			);
			defaultConfigurationIsVisible = 0;
		};
		C68475431DE714290081DA95 /* Build configuration list for PBXNativeTarget "DungeonsAndCardsWatch" */ = {
			isa = XCConfigurationList;
			buildConfigurations = (
				C684753D1DE714290081DA95 /* Debug */,
				C684753E1DE714290081DA95 /* Release */,
			);
			defaultConfigurationIsVisible = 0;
		};
		C68475501DE715BA0081DA95 /* Build configuration list for PBXNativeTarget "DungeonsAndCardsTests" */ = {
			isa = XCConfigurationList;
			buildConfigurations = (
				C68475511DE715BA0081DA95 /* Debug */,
				C68475521DE715BA0081DA95 /* Release */,
			);
			defaultConfigurationIsVisible = 0;
		};
		C684755E1DE716110081DA95 /* Build configuration list for PBXNativeTarget "DungeonsAndCardsUITests" */ = {
			isa = XCConfigurationList;
			buildConfigurations = (
				C684755F1DE716110081DA95 /* Debug */,
				C68475601DE716110081DA95 /* Release */,
			);
			defaultConfigurationIsVisible = 0;
		};
		D14E4E0F1DDF493A002A0ED0 /* Build configuration list for PBXProject "DungeonsAndCards" */ = {
			isa = XCConfigurationList;
			buildConfigurations = (
				D14E4E241DDF493A002A0ED0 /* Debug */,
				D14E4E251DDF493A002A0ED0 /* Release */,
			);
			defaultConfigurationIsVisible = 0;
			defaultConfigurationName = Release;
		};
		D14E4E261DDF493A002A0ED0 /* Build configuration list for PBXNativeTarget "DungeonsAndCards" */ = {
			isa = XCConfigurationList;
			buildConfigurations = (
				D14E4E271DDF493A002A0ED0 /* Debug */,
				D14E4E281DDF493A002A0ED0 /* Release */,
			);
			defaultConfigurationIsVisible = 0;
			defaultConfigurationName = Release;
		};
/* End XCConfigurationList section */
	};
	rootObject = D14E4E0C1DDF493A002A0ED0 /* Project object */;
}
